# This file is autogenerated, do not edit; changes may be undone by the next 'dep ensure'.


[[projects]]
  branch = "master"
  name = "github.com/pkg/errors"
  packages = ["."]
  revision = "248dadf4e9068a0b3e79f02ed0a610d935de5302"

[[projects]]
  branch = "master"
  name = "golang.org/x/net"
  packages = ["context"]
  revision = "9dfe39835686865bff950a07b394c12a98ddc811"

[[projects]]
  branch = "master"
  name = "golang.org/x/sync"
  packages = ["errgroup"]
  revision = "fd80eb99c8f653c847d294a001bdf2a3a6f768f5"

[solve-meta]
  analyzer-name = "dep"
  analyzer-version = 1
  inputs-digest = "d8570579f6500e951d2a08bca885a1bb6b0088e238e91b3508acb89d579c5237"
  solver-name = "gps-cdcl"
  solver-version = 1
