# This file is autogenerated, do not edit; changes may be undone by the next 'dep ensure'.


[[projects]]
  branch = "master"
  name = "github.com/google/uuid"
  packages = ["."]
  revision = "8c31c18f31ede9fc8eae72290a7e7a8064e9b3e3"

[[projects]]
  branch = "master"
  name = "github.com/pkg/errors"
  packages = ["."]
  revision = "248dadf4e9068a0b3e79f02ed0a610d935de5302"

[[projects]]
  branch = "master"
  name = "golang.org/x/net"
  packages = ["context"]
  revision = "9dfe39835686865bff950a07b394c12a98ddc811"

[[projects]]
  branch = "master"
  name = "golang.org/x/sync"
  packages = ["errgroup"]
  revision = "fd80eb99c8f653c847d294a001bdf2a3a6f768f5"

[solve-meta]
  analyzer-name = "dep"
  analyzer-version = 1
  inputs-digest = "0a67cc7ea8cee676ad3b5d15f1b2314d7d690405ac3543c7b20ddb0269de3d9a"
  solver-name = "gps-cdcl"
  solver-version = 1
